
Microsoft Visual Studio Solution File, Format Version 12.00
# Visual Studio Version 16
VisualStudioVersion = 16.0.31112.23
MinimumVisualStudioVersion = 10.0.40219.1
Project("{9A19103F-16F7-4668-BE54-9A1E7A4F7556}") = "hangman", "hangman.csproj", "{C231AB05-44C8-43E9-8CF3-A7D0D3AE51DE}"
EndProject
Project("{9A19103F-16F7-4668-BE54-9A1E7A4F7556}") = "hangmanGame", "..\hangmanGame\hangmanGame.csproj", "{09B0ABE3-0028-4708-8F24-C12F337FEA1A}"
EndProject
Project("{FAE04EC0-301F-11D3-BF4B-00C04F79EFBC}") = "Calculator", "..\Calculator\Calculator.csproj", "{C4E31A6C-9EC3-41E7-95C1-D60CA99333C9}"
EndProject
Global
	GlobalSection(SolutionConfigurationPlatforms) = preSolution
		Debug|Any CPU = Debug|Any CPU
		Release|Any CPU = Release|Any CPU
	EndGlobalSection
	GlobalSection(ProjectConfigurationPlatforms) = postSolution
		{C231AB05-44C8-43E9-8CF3-A7D0D3AE51DE}.Debug|Any CPU.ActiveCfg = Debug|Any CPU
		{C231AB05-44C8-43E9-8CF3-A7D0D3AE51DE}.Debug|Any CPU.Build.0 = Debug|Any CPU
		{C231AB05-44C8-43E9-8CF3-A7D0D3AE51DE}.Release|Any CPU.ActiveCfg = Release|Any CPU
		{C231AB05-44C8-43E9-8CF3-A7D0D3AE51DE}.Release|Any CPU.Build.0 = Release|Any CPU
		{09B0ABE3-0028-4708-8F24-C12F337FEA1A}.Debug|Any CPU.ActiveCfg = Debug|Any CPU
		{09B0ABE3-0028-4708-8F24-C12F337FEA1A}.Debug|Any CPU.Build.0 = Debug|Any CPU
		{09B0ABE3-0028-4708-8F24-C12F337FEA1A}.Release|Any CPU.ActiveCfg = Release|Any CPU
		{09B0ABE3-0028-4708-8F24-C12F337FEA1A}.Release|Any CPU.Build.0 = Release|Any CPU
		{C4E31A6C-9EC3-41E7-95C1-D60CA99333C9}.Debug|Any CPU.ActiveCfg = Debug|Any CPU
		{C4E31A6C-9EC3-41E7-95C1-D60CA99333C9}.Debug|Any CPU.Build.0 = Debug|Any CPU
		{C4E31A6C-9EC3-41E7-95C1-D60CA99333C9}.Release|Any CPU.ActiveCfg = Release|Any CPU
		{C4E31A6C-9EC3-41E7-95C1-D60CA99333C9}.Release|Any CPU.Build.0 = Release|Any CPU
	EndGlobalSection
	GlobalSection(SolutionProperties) = preSolution
		HideSolutionNode = FALSE
	EndGlobalSection
	GlobalSection(ExtensibilityGlobals) = postSolution
		SolutionGuid = {2B23136F-1C75-43F7-9426-66A9AA0FCF68}
	EndGlobalSection
EndGlobal
