
Microsoft Visual Studio Solution File, Format Version 12.00
# Visual Studio Version 16
VisualStudioVersion = 16.0.31515.178
MinimumVisualStudioVersion = 10.0.40219.1
Project("{9A19103F-16F7-4668-BE54-9A1E7A4F7556}") = "hangman", "hangman\hangman.csproj", "{54D9655C-2C9E-48DE-A54B-257FBBB5C1E6}"
EndProject
Project("{FAE04EC0-301F-11D3-BF4B-00C04F79EFBC}") = "hangman_game", "hangman_game\hangman_game.csproj", "{36150482-7EF0-454B-BF3A-56082A1EC1BC}"
EndProject
Global
	GlobalSection(SolutionConfigurationPlatforms) = preSolution
		Debug|Any CPU = Debug|Any CPU
		Release|Any CPU = Release|Any CPU
	EndGlobalSection
	GlobalSection(ProjectConfigurationPlatforms) = postSolution
		{54D9655C-2C9E-48DE-A54B-257FBBB5C1E6}.Debug|Any CPU.ActiveCfg = Debug|Any CPU
		{54D9655C-2C9E-48DE-A54B-257FBBB5C1E6}.Debug|Any CPU.Build.0 = Debug|Any CPU
		{54D9655C-2C9E-48DE-A54B-257FBBB5C1E6}.Release|Any CPU.ActiveCfg = Release|Any CPU
		{54D9655C-2C9E-48DE-A54B-257FBBB5C1E6}.Release|Any CPU.Build.0 = Release|Any CPU
		{36150482-7EF0-454B-BF3A-56082A1EC1BC}.Debug|Any CPU.ActiveCfg = Debug|Any CPU
		{36150482-7EF0-454B-BF3A-56082A1EC1BC}.Debug|Any CPU.Build.0 = Debug|Any CPU
		{36150482-7EF0-454B-BF3A-56082A1EC1BC}.Release|Any CPU.ActiveCfg = Release|Any CPU
		{36150482-7EF0-454B-BF3A-56082A1EC1BC}.Release|Any CPU.Build.0 = Release|Any CPU
	EndGlobalSection
	GlobalSection(SolutionProperties) = preSolution
		HideSolutionNode = FALSE
	EndGlobalSection
	GlobalSection(ExtensibilityGlobals) = postSolution
		SolutionGuid = {8953170A-5998-4C83-9209-B23C1BE27C85}
	EndGlobalSection
EndGlobal
